
Microsoft Visual Studio Solution File, Format Version 12.00
# Visual Studio Version 16
VisualStudioVersion = 16.0.30011.22
MinimumVisualStudioVersion = 10.0.40219.1
Project("{9092AA53-FB77-4645-B42D-1CCCA6BD08BD}") = "Todo", "Todo\Todo.njsproj", "{4F3328C1-555F-4E51-9B2F-BB5306E49265}"
EndProject
Global
	GlobalSection(SolutionConfigurationPlatforms) = preSolution
		Debug|Any CPU = Debug|Any CPU
		Release|Any CPU = Release|Any CPU
	EndGlobalSection
	GlobalSection(ProjectConfigurationPlatforms) = postSolution
		{4F3328C1-555F-4E51-9B2F-BB5306E49265}.Debug|Any CPU.ActiveCfg = Debug|Any CPU
		{4F3328C1-555F-4E51-9B2F-BB5306E49265}.Debug|Any CPU.Build.0 = Debug|Any CPU
		{4F3328C1-555F-4E51-9B2F-BB5306E49265}.Release|Any CPU.ActiveCfg = Release|Any CPU
		{4F3328C1-555F-4E51-9B2F-BB5306E49265}.Release|Any CPU.Build.0 = Release|Any CPU
	EndGlobalSection
	GlobalSection(SolutionProperties) = preSolution
		HideSolutionNode = FALSE
	EndGlobalSection
	GlobalSection(ExtensibilityGlobals) = postSolution
		SolutionGuid = {1BA8B96A-52DB-48E8-89B1-512F6AF1AD36}
	EndGlobalSection
EndGlobal
